
Microsoft Visual Studio Solution File, Format Version 12.00
# Visual Studio Version 17
VisualStudioVersion = 17.14.36121.58 d17.14
MinimumVisualStudioVersion = 10.0.40219.1
Project("{FAE04EC0-301F-11D3-BF4B-00C04F79EFBC}") = "PUSH-PULL-PRACTICE", "PUSH-PULL-PRACTICE\PUSH-PULL-PRACTICE.csproj", "{D8E9B3CC-7D6E-44FF-A643-7AACF4576C6C}"
EndProject
Global
	GlobalSection(SolutionConfigurationPlatforms) = preSolution
		Debug|Any CPU = Debug|Any CPU
		Release|Any CPU = Release|Any CPU
	EndGlobalSection
	GlobalSection(ProjectConfigurationPlatforms) = postSolution
		{D8E9B3CC-7D6E-44FF-A643-7AACF4576C6C}.Debug|Any CPU.ActiveCfg = Debug|Any CPU
		{D8E9B3CC-7D6E-44FF-A643-7AACF4576C6C}.Debug|Any CPU.Build.0 = Debug|Any CPU
		{D8E9B3CC-7D6E-44FF-A643-7AACF4576C6C}.Release|Any CPU.ActiveCfg = Release|Any CPU
		{D8E9B3CC-7D6E-44FF-A643-7AACF4576C6C}.Release|Any CPU.Build.0 = Release|Any CPU
	EndGlobalSection
	GlobalSection(SolutionProperties) = preSolution
		HideSolutionNode = FALSE
	EndGlobalSection
	GlobalSection(ExtensibilityGlobals) = postSolution
		SolutionGuid = {AA95B344-A804-4E93-9F82-CE1E56D7FDA7}
	EndGlobalSection
EndGlobal
